
Microsoft Visual Studio Solution File, Format Version 12.00
# Visual Studio 15
VisualStudioVersion = 15.0.28010.2026
MinimumVisualStudioVersion = 10.0.40219.1
Project("{9A19103F-16F7-4668-BE54-9A1E7A4F7556}") = "Czar.Cms.Models", "src\Czar.Cms.Models\Czar.Cms.Models.csproj", "{3CC82768-C8B3-49EC-BDE1-85D367FC156C}"
EndProject
Project("{9A19103F-16F7-4668-BE54-9A1E7A4F7556}") = "Czar.Cms.ViewModels", "src\Czar.Cms.ViewModels\Czar.Cms.ViewModels.csproj", "{D5DAE29C-0B15-42DD-B48E-C941B4FB8BFA}"
EndProject
Project("{9A19103F-16F7-4668-BE54-9A1E7A4F7556}") = "Czar.Cms.Repository.SqlServer", "src\Czar.Cms.Repository.SqlServer\Czar.Cms.Repository.SqlServer.csproj", "{9603F015-B7B2-4C16-A66D-4BB777FE4980}"
EndProject
Project("{9A19103F-16F7-4668-BE54-9A1E7A4F7556}") = "Czar.Cms.IRepository", "src\Czar.Cms.IRepository\Czar.Cms.IRepository.csproj", "{497FCC44-3DBB-46DE-A25A-B6F593C822D2}"
EndProject
Project("{9A19103F-16F7-4668-BE54-9A1E7A4F7556}") = "Czar.Cms.IServices", "src\Czar.Cms.IServices\Czar.Cms.IServices.csproj", "{293BC21C-3178-4372-80D5-3B66567FC0B9}"
EndProject
Project("{9A19103F-16F7-4668-BE54-9A1E7A4F7556}") = "Czar.Cms.Services", "src\Czar.Cms.Services\Czar.Cms.Services.csproj", "{60EAB655-C7DC-4E91-9FA4-AF4BCE9A31F5}"
EndProject
Project("{9A19103F-16F7-4668-BE54-9A1E7A4F7556}") = "Czar.Cms.Core", "src\Czar.Cms.Core\Czar.Cms.Core.csproj", "{0B58210D-2F7F-4AF2-9C64-4A3A9298D9EC}"
EndProject
Project("{9A19103F-16F7-4668-BE54-9A1E7A4F7556}") = "Czar.Cms.Admin", "src\Czar.Cms.Admin\Czar.Cms.Admin.csproj", "{4B43E6E2-309E-444B-AE96-64C7AAA9B4F8}"
EndProject
Project("{9A19103F-16F7-4668-BE54-9A1E7A4F7556}") = "Czar.Cms.Site", "src\Czar.Cms.Site\Czar.Cms.Site.csproj", "{F0520647-AAC3-45BA-AC34-530D62056034}"
EndProject
Project("{2150E333-8FDC-42A3-9474-1A3956D46DE8}") = "1.UI", "1.UI", "{B3C624C6-D7C7-47F8-9261-62019B64329D}"
EndProject
Project("{2150E333-8FDC-42A3-9474-1A3956D46DE8}") = "2.Application", "2.Application", "{AF230497-3B8B-4226-82C4-F60BF94A58D3}"
EndProject
Project("{2150E333-8FDC-42A3-9474-1A3956D46DE8}") = "3.Repository", "3.Repository", "{78246E24-FB1E-4E38-8EA5-70B711F5935F}"
EndProject
Project("{2150E333-8FDC-42A3-9474-1A3956D46DE8}") = "5.Infrastructure", "5.Infrastructure", "{A5C69751-CF8C-4D8B-9481-244B07AB0E05}"
EndProject
Project("{2150E333-8FDC-42A3-9474-1A3956D46DE8}") = "4.Entity", "4.Entity", "{565D11E1-05B8-4A59-B40F-810C7FDEAE49}"
EndProject
Project("{2150E333-8FDC-42A3-9474-1A3956D46DE8}") = "6.Test", "6.Test", "{37A51F27-296D-4764-B28C-E76E9C1E219B}"
EndProject
Project("{9A19103F-16F7-4668-BE54-9A1E7A4F7556}") = "Czar.Cms.Test", "src\Czar.Cms.Test\Czar.Cms.Test.csproj", "{E4611F25-31C1-4FD3-9D8A-06B008185770}"
EndProject
Project("{9A19103F-16F7-4668-BE54-9A1E7A4F7556}") = "Czar.Cms.Quartz", "src\Czar.Cms.Quartz\Czar.Cms.Quartz.csproj", "{8ABC4036-4BDC-4139-B91C-6215164CE94F}"
EndProject
Project("{FAE04EC0-301F-11D3-BF4B-00C04F79EFBC}") = "Czar.Cms.Job", "src\Czar.Cms.Job\Czar.Cms.Job.csproj", "{45EC5E92-DD94-4F72-9F38-2C8D91959A7D}"
EndProject
Global
	GlobalSection(SolutionConfigurationPlatforms) = preSolution
		Debug|Any CPU = Debug|Any CPU
		Release|Any CPU = Release|Any CPU
	EndGlobalSection
	GlobalSection(ProjectConfigurationPlatforms) = postSolution
		{3CC82768-C8B3-49EC-BDE1-85D367FC156C}.Debug|Any CPU.ActiveCfg = Debug|Any CPU
		{3CC82768-C8B3-49EC-BDE1-85D367FC156C}.Debug|Any CPU.Build.0 = Debug|Any CPU
		{3CC82768-C8B3-49EC-BDE1-85D367FC156C}.Release|Any CPU.ActiveCfg = Release|Any CPU
		{3CC82768-C8B3-49EC-BDE1-85D367FC156C}.Release|Any CPU.Build.0 = Release|Any CPU
		{D5DAE29C-0B15-42DD-B48E-C941B4FB8BFA}.Debug|Any CPU.ActiveCfg = Debug|Any CPU
		{D5DAE29C-0B15-42DD-B48E-C941B4FB8BFA}.Debug|Any CPU.Build.0 = Debug|Any CPU
		{D5DAE29C-0B15-42DD-B48E-C941B4FB8BFA}.Release|Any CPU.ActiveCfg = Release|Any CPU
		{D5DAE29C-0B15-42DD-B48E-C941B4FB8BFA}.Release|Any CPU.Build.0 = Release|Any CPU
		{9603F015-B7B2-4C16-A66D-4BB777FE4980}.Debug|Any CPU.ActiveCfg = Debug|Any CPU
		{9603F015-B7B2-4C16-A66D-4BB777FE4980}.Debug|Any CPU.Build.0 = Debug|Any CPU
		{9603F015-B7B2-4C16-A66D-4BB777FE4980}.Release|Any CPU.ActiveCfg = Release|Any CPU
		{9603F015-B7B2-4C16-A66D-4BB777FE4980}.Release|Any CPU.Build.0 = Release|Any CPU
		{497FCC44-3DBB-46DE-A25A-B6F593C822D2}.Debug|Any CPU.ActiveCfg = Debug|Any CPU
		{497FCC44-3DBB-46DE-A25A-B6F593C822D2}.Debug|Any CPU.Build.0 = Debug|Any CPU
		{497FCC44-3DBB-46DE-A25A-B6F593C822D2}.Release|Any CPU.ActiveCfg = Release|Any CPU
		{497FCC44-3DBB-46DE-A25A-B6F593C822D2}.Release|Any CPU.Build.0 = Release|Any CPU
		{293BC21C-3178-4372-80D5-3B66567FC0B9}.Debug|Any CPU.ActiveCfg = Debug|Any CPU
		{293BC21C-3178-4372-80D5-3B66567FC0B9}.Debug|Any CPU.Build.0 = Debug|Any CPU
		{293BC21C-3178-4372-80D5-3B66567FC0B9}.Release|Any CPU.ActiveCfg = Release|Any CPU
		{293BC21C-3178-4372-80D5-3B66567FC0B9}.Release|Any CPU.Build.0 = Release|Any CPU
		{60EAB655-C7DC-4E91-9FA4-AF4BCE9A31F5}.Debug|Any CPU.ActiveCfg = Debug|Any CPU
		{60EAB655-C7DC-4E91-9FA4-AF4BCE9A31F5}.Debug|Any CPU.Build.0 = Debug|Any CPU
		{60EAB655-C7DC-4E91-9FA4-AF4BCE9A31F5}.Release|Any CPU.ActiveCfg = Release|Any CPU
		{60EAB655-C7DC-4E91-9FA4-AF4BCE9A31F5}.Release|Any CPU.Build.0 = Release|Any CPU
		{0B58210D-2F7F-4AF2-9C64-4A3A9298D9EC}.Debug|Any CPU.ActiveCfg = Debug|Any CPU
		{0B58210D-2F7F-4AF2-9C64-4A3A9298D9EC}.Debug|Any CPU.Build.0 = Debug|Any CPU
		{0B58210D-2F7F-4AF2-9C64-4A3A9298D9EC}.Release|Any CPU.ActiveCfg = Release|Any CPU
		{0B58210D-2F7F-4AF2-9C64-4A3A9298D9EC}.Release|Any CPU.Build.0 = Release|Any CPU
		{4B43E6E2-309E-444B-AE96-64C7AAA9B4F8}.Debug|Any CPU.ActiveCfg = Debug|Any CPU
		{4B43E6E2-309E-444B-AE96-64C7AAA9B4F8}.Debug|Any CPU.Build.0 = Debug|Any CPU
		{4B43E6E2-309E-444B-AE96-64C7AAA9B4F8}.Release|Any CPU.ActiveCfg = Release|Any CPU
		{4B43E6E2-309E-444B-AE96-64C7AAA9B4F8}.Release|Any CPU.Build.0 = Release|Any CPU
		{F0520647-AAC3-45BA-AC34-530D62056034}.Debug|Any CPU.ActiveCfg = Debug|Any CPU
		{F0520647-AAC3-45BA-AC34-530D62056034}.Debug|Any CPU.Build.0 = Debug|Any CPU
		{F0520647-AAC3-45BA-AC34-530D62056034}.Release|Any CPU.ActiveCfg = Release|Any CPU
		{F0520647-AAC3-45BA-AC34-530D62056034}.Release|Any CPU.Build.0 = Release|Any CPU
		{E4611F25-31C1-4FD3-9D8A-06B008185770}.Debug|Any CPU.ActiveCfg = Debug|Any CPU
		{E4611F25-31C1-4FD3-9D8A-06B008185770}.Debug|Any CPU.Build.0 = Debug|Any CPU
		{E4611F25-31C1-4FD3-9D8A-06B008185770}.Release|Any CPU.ActiveCfg = Release|Any CPU
		{E4611F25-31C1-4FD3-9D8A-06B008185770}.Release|Any CPU.Build.0 = Release|Any CPU
		{8ABC4036-4BDC-4139-B91C-6215164CE94F}.Debug|Any CPU.ActiveCfg = Debug|Any CPU
		{8ABC4036-4BDC-4139-B91C-6215164CE94F}.Debug|Any CPU.Build.0 = Debug|Any CPU
		{8ABC4036-4BDC-4139-B91C-6215164CE94F}.Release|Any CPU.ActiveCfg = Release|Any CPU
		{8ABC4036-4BDC-4139-B91C-6215164CE94F}.Release|Any CPU.Build.0 = Release|Any CPU
		{45EC5E92-DD94-4F72-9F38-2C8D91959A7D}.Debug|Any CPU.ActiveCfg = Debug|Any CPU
		{45EC5E92-DD94-4F72-9F38-2C8D91959A7D}.Debug|Any CPU.Build.0 = Debug|Any CPU
		{45EC5E92-DD94-4F72-9F38-2C8D91959A7D}.Release|Any CPU.ActiveCfg = Release|Any CPU
		{45EC5E92-DD94-4F72-9F38-2C8D91959A7D}.Release|Any CPU.Build.0 = Release|Any CPU
	EndGlobalSection
	GlobalSection(SolutionProperties) = preSolution
		HideSolutionNode = FALSE
	EndGlobalSection
	GlobalSection(NestedProjects) = preSolution
		{3CC82768-C8B3-49EC-BDE1-85D367FC156C} = {565D11E1-05B8-4A59-B40F-810C7FDEAE49}
		{D5DAE29C-0B15-42DD-B48E-C941B4FB8BFA} = {565D11E1-05B8-4A59-B40F-810C7FDEAE49}
		{9603F015-B7B2-4C16-A66D-4BB777FE4980} = {78246E24-FB1E-4E38-8EA5-70B711F5935F}
		{497FCC44-3DBB-46DE-A25A-B6F593C822D2} = {78246E24-FB1E-4E38-8EA5-70B711F5935F}
		{293BC21C-3178-4372-80D5-3B66567FC0B9} = {AF230497-3B8B-4226-82C4-F60BF94A58D3}
		{60EAB655-C7DC-4E91-9FA4-AF4BCE9A31F5} = {AF230497-3B8B-4226-82C4-F60BF94A58D3}
		{0B58210D-2F7F-4AF2-9C64-4A3A9298D9EC} = {A5C69751-CF8C-4D8B-9481-244B07AB0E05}
		{4B43E6E2-309E-444B-AE96-64C7AAA9B4F8} = {B3C624C6-D7C7-47F8-9261-62019B64329D}
		{F0520647-AAC3-45BA-AC34-530D62056034} = {B3C624C6-D7C7-47F8-9261-62019B64329D}
		{E4611F25-31C1-4FD3-9D8A-06B008185770} = {37A51F27-296D-4764-B28C-E76E9C1E219B}
		{8ABC4036-4BDC-4139-B91C-6215164CE94F} = {A5C69751-CF8C-4D8B-9481-244B07AB0E05}
		{45EC5E92-DD94-4F72-9F38-2C8D91959A7D} = {AF230497-3B8B-4226-82C4-F60BF94A58D3}
	EndGlobalSection
	GlobalSection(ExtensibilityGlobals) = postSolution
		SolutionGuid = {E85E2D46-2E45-4B7D-8767-D1D8E8D63809}
	EndGlobalSection
EndGlobal
